
Microsoft Visual Studio Solution File, Format Version 12.00
# Visual Studio Version 17
VisualStudioVersion = 17.7.34031.279
MinimumVisualStudioVersion = 10.0.40219.1
Project("{FAE04EC0-301F-11D3-BF4B-00C04F79EFBC}") = "övning 9.7", "övning 9.7\övning 9.7.csproj", "{C6235514-13AF-4183-981C-A79140FABFDB}"
EndProject
Global
	GlobalSection(SolutionConfigurationPlatforms) = preSolution
		Debug|Any CPU = Debug|Any CPU
		Release|Any CPU = Release|Any CPU
	EndGlobalSection
	GlobalSection(ProjectConfigurationPlatforms) = postSolution
		{C6235514-13AF-4183-981C-A79140FABFDB}.Debug|Any CPU.ActiveCfg = Debug|Any CPU
		{C6235514-13AF-4183-981C-A79140FABFDB}.Debug|Any CPU.Build.0 = Debug|Any CPU
		{C6235514-13AF-4183-981C-A79140FABFDB}.Release|Any CPU.ActiveCfg = Release|Any CPU
		{C6235514-13AF-4183-981C-A79140FABFDB}.Release|Any CPU.Build.0 = Release|Any CPU
	EndGlobalSection
	GlobalSection(SolutionProperties) = preSolution
		HideSolutionNode = FALSE
	EndGlobalSection
	GlobalSection(ExtensibilityGlobals) = postSolution
		SolutionGuid = {22AADCF8-ABCD-4A42-8875-03BB3A01E65C}
	EndGlobalSection
EndGlobal
